
Microsoft Visual Studio Solution File, Format Version 12.00
# Visual Studio Version 16
VisualStudioVersion = 16.0.30709.132
MinimumVisualStudioVersion = 10.0.40219.1
Project("{9A19103F-16F7-4668-BE54-9A1E7A4F7556}") = "MyShop.Dao", "MyShop.Dao\MyShop.Dao.csproj", "{D78D1697-EA24-4750-8A1B-BD65634F4A9B}"
EndProject
Project("{9A19103F-16F7-4668-BE54-9A1E7A4F7556}") = "MyShop", "MyShop.Services\MyShop.csproj", "{5F1E0B4D-6674-42B3-ACB1-1B54B12895A7}"
EndProject
Global
	GlobalSection(SolutionConfigurationPlatforms) = preSolution
		Debug|Any CPU = Debug|Any CPU
		Release|Any CPU = Release|Any CPU
	EndGlobalSection
	GlobalSection(ProjectConfigurationPlatforms) = postSolution
		{D78D1697-EA24-4750-8A1B-BD65634F4A9B}.Debug|Any CPU.ActiveCfg = Debug|Any CPU
		{D78D1697-EA24-4750-8A1B-BD65634F4A9B}.Debug|Any CPU.Build.0 = Debug|Any CPU
		{D78D1697-EA24-4750-8A1B-BD65634F4A9B}.Release|Any CPU.ActiveCfg = Release|Any CPU
		{D78D1697-EA24-4750-8A1B-BD65634F4A9B}.Release|Any CPU.Build.0 = Release|Any CPU
		{5F1E0B4D-6674-42B3-ACB1-1B54B12895A7}.Debug|Any CPU.ActiveCfg = Debug|Any CPU
		{5F1E0B4D-6674-42B3-ACB1-1B54B12895A7}.Debug|Any CPU.Build.0 = Debug|Any CPU
		{5F1E0B4D-6674-42B3-ACB1-1B54B12895A7}.Release|Any CPU.ActiveCfg = Release|Any CPU
		{5F1E0B4D-6674-42B3-ACB1-1B54B12895A7}.Release|Any CPU.Build.0 = Release|Any CPU
	EndGlobalSection
	GlobalSection(SolutionProperties) = preSolution
		HideSolutionNode = FALSE
	EndGlobalSection
	GlobalSection(ExtensibilityGlobals) = postSolution
		SolutionGuid = {F9D2B01D-173B-41EC-B079-3AABBB9FE424}
	EndGlobalSection
EndGlobal
